// !$*UTF8*$!
{
	archiveVersion = 1;
	classes = {
	};
	objectVersion = 48;
	objects = {

/* Begin PBXBuildFile section */
		CB2243A01F86D64000B68C06 /* WordEndPicker.swift in Sources */ = {isa = PBXBuildFile; fileRef = CB22439F1F86D64000B68C06 /* WordEndPicker.swift */; };
		CB2243A21F86D69400B68C06 /* DeclinedWord.swift in Sources */ = {isa = PBXBuildFile; fileRef = CB2243A11F86D69400B68C06 /* DeclinedWord.swift */; };
		CB2243A41F86D86300B68C06 /* ElapsedTimeCounter.swift in Sources */ = {isa = PBXBuildFile; fileRef = CB2243A31F86D86300B68C06 /* ElapsedTimeCounter.swift */; };
		CB51CDB81F892D280070D0F3 /* AboutNewsViewController.swift in Sources */ = {isa = PBXBuildFile; fileRef = CB51CDB71F892D280070D0F3 /* AboutNewsViewController.swift */; };
		CB51CDBD1F89357E0070D0F3 /* ImageCollectionViewCell.swift in Sources */ = {isa = PBXBuildFile; fileRef = CB51CDBB1F89357E0070D0F3 /* ImageCollectionViewCell.swift */; };
		CB51CDC01F89390E0070D0F3 /* ImageRounder.swift in Sources */ = {isa = PBXBuildFile; fileRef = CB51CDBF1F89390E0070D0F3 /* ImageRounder.swift */; };
		CB5354471F86507F00F6ACD1 /* Source.swift in Sources */ = {isa = PBXBuildFile; fileRef = CB5354461F86507F00F6ACD1 /* Source.swift */; };
		CB66998B1F805A7300489C6A /* News.swift in Sources */ = {isa = PBXBuildFile; fileRef = CB66998A1F805A7300489C6A /* News.swift */; };
		CB66998D1F805E4B00489C6A /* Profile.swift in Sources */ = {isa = PBXBuildFile; fileRef = CB66998C1F805E4B00489C6A /* Profile.swift */; };
		CB66998F1F8061F800489C6A /* Group.swift in Sources */ = {isa = PBXBuildFile; fileRef = CB66998E1F8061F800489C6A /* Group.swift */; };
		CB6699931F80650100489C6A /* SwiftyJSON.framework in Frameworks */ = {isa = PBXBuildFile; fileRef = CB6699921F80650100489C6A /* SwiftyJSON.framework */; };
		CB8416D31F8EBC7500A47A08 /* Kingfisher.framework in Frameworks */ = {isa = PBXBuildFile; fileRef = CB8416D21F8EBC7400A47A08 /* Kingfisher.framework */; };
		CB8416D51F8EC36D00A47A08 /* NewsTableViewCell.xib in Resources */ = {isa = PBXBuildFile; fileRef = CB8416D41F8EC36D00A47A08 /* NewsTableViewCell.xib */; };
		CB8416D71F8ED59F00A47A08 /* NewsTableViewCell.swift in Sources */ = {isa = PBXBuildFile; fileRef = CB8416D61F8ED59E00A47A08 /* NewsTableViewCell.swift */; };
		CB8C00171F7D9F80009BCA6E /* AppDelegate.swift in Sources */ = {isa = PBXBuildFile; fileRef = CB8C00161F7D9F80009BCA6E /* AppDelegate.swift */; };
		CB8C00191F7D9F80009BCA6E /* ViewController.swift in Sources */ = {isa = PBXBuildFile; fileRef = CB8C00181F7D9F80009BCA6E /* ViewController.swift */; };
		CB8C001C1F7D9F80009BCA6E /* Main.storyboard in Resources */ = {isa = PBXBuildFile; fileRef = CB8C001A1F7D9F80009BCA6E /* Main.storyboard */; };
		CB8C001F1F7D9F80009BCA6E /* VKNews.xcdatamodeld in Sources */ = {isa = PBXBuildFile; fileRef = CB8C001D1F7D9F80009BCA6E /* VKNews.xcdatamodeld */; };
		CB8C00211F7D9F80009BCA6E /* Assets.xcassets in Resources */ = {isa = PBXBuildFile; fileRef = CB8C00201F7D9F80009BCA6E /* Assets.xcassets */; };
		CB8C00241F7D9F80009BCA6E /* LaunchScreen.storyboard in Resources */ = {isa = PBXBuildFile; fileRef = CB8C00221F7D9F80009BCA6E /* LaunchScreen.storyboard */; };
		CBA711EA1F7EF4A900E251E9 /* VKSdkFramework.framework in Frameworks */ = {isa = PBXBuildFile; fileRef = CBA711E91F7EF4A900E251E9 /* VKSdkFramework.framework */; };
		CBA711F01F7F104C00E251E9 /* NewsTableViewController.swift in Sources */ = {isa = PBXBuildFile; fileRef = CBA711EF1F7F104C00E251E9 /* NewsTableViewController.swift */; };
/* End PBXBuildFile section */

/* Begin PBXCopyFilesBuildPhase section */
		CB1842A91F82ED9A00DDE50F /* Embed Frameworks */ = {
			isa = PBXCopyFilesBuildPhase;
			buildActionMask = 2147483647;
			dstPath = "";
			dstSubfolderSpec = 10;
			files = (
			);
			name = "Embed Frameworks";
			runOnlyForDeploymentPostprocessing = 0;
		};
/* End PBXCopyFilesBuildPhase section */

/* Begin PBXFileReference section */
		CB22439F1F86D64000B68C06 /* WordEndPicker.swift */ = {isa = PBXFileReference; lastKnownFileType = sourcecode.swift; path = WordEndPicker.swift; sourceTree = "<group>"; };
		CB2243A11F86D69400B68C06 /* DeclinedWord.swift */ = {isa = PBXFileReference; lastKnownFileType = sourcecode.swift; path = DeclinedWord.swift; sourceTree = "<group>"; };
		CB2243A31F86D86300B68C06 /* ElapsedTimeCounter.swift */ = {isa = PBXFileReference; lastKnownFileType = sourcecode.swift; path = ElapsedTimeCounter.swift; sourceTree = "<group>"; };
		CB51CDB71F892D280070D0F3 /* AboutNewsViewController.swift */ = {isa = PBXFileReference; lastKnownFileType = sourcecode.swift; path = AboutNewsViewController.swift; sourceTree = "<group>"; };
		CB51CDBB1F89357E0070D0F3 /* ImageCollectionViewCell.swift */ = {isa = PBXFileReference; lastKnownFileType = sourcecode.swift; path = ImageCollectionViewCell.swift; sourceTree = "<group>"; };
		CB51CDBF1F89390E0070D0F3 /* ImageRounder.swift */ = {isa = PBXFileReference; lastKnownFileType = sourcecode.swift; path = ImageRounder.swift; sourceTree = "<group>"; };
		CB5354461F86507F00F6ACD1 /* Source.swift */ = {isa = PBXFileReference; lastKnownFileType = sourcecode.swift; path = Source.swift; sourceTree = "<group>"; };
		CB66998A1F805A7300489C6A /* News.swift */ = {isa = PBXFileReference; lastKnownFileType = sourcecode.swift; path = News.swift; sourceTree = "<group>"; };
		CB66998C1F805E4B00489C6A /* Profile.swift */ = {isa = PBXFileReference; lastKnownFileType = sourcecode.swift; path = Profile.swift; sourceTree = "<group>"; };
		CB66998E1F8061F800489C6A /* Group.swift */ = {isa = PBXFileReference; lastKnownFileType = sourcecode.swift; path = Group.swift; sourceTree = "<group>"; };
		CB6699921F80650100489C6A /* SwiftyJSON.framework */ = {isa = PBXFileReference; lastKnownFileType = wrapper.framework; name = SwiftyJSON.framework; path = Carthage/Build/iOS/SwiftyJSON.framework; sourceTree = "<group>"; };
		CB8416D21F8EBC7400A47A08 /* Kingfisher.framework */ = {isa = PBXFileReference; lastKnownFileType = wrapper.framework; name = Kingfisher.framework; path = Carthage/Build/iOS/Kingfisher.framework; sourceTree = "<group>"; };
		CB8416D41F8EC36D00A47A08 /* NewsTableViewCell.xib */ = {isa = PBXFileReference; lastKnownFileType = file.xib; path = NewsTableViewCell.xib; sourceTree = "<group>"; };
		CB8416D61F8ED59E00A47A08 /* NewsTableViewCell.swift */ = {isa = PBXFileReference; lastKnownFileType = sourcecode.swift; path = NewsTableViewCell.swift; sourceTree = "<group>"; };
		CB8C00131F7D9F80009BCA6E /* VKNews.app */ = {isa = PBXFileReference; explicitFileType = wrapper.application; includeInIndex = 0; path = VKNews.app; sourceTree = BUILT_PRODUCTS_DIR; };
		CB8C00161F7D9F80009BCA6E /* AppDelegate.swift */ = {isa = PBXFileReference; lastKnownFileType = sourcecode.swift; path = AppDelegate.swift; sourceTree = "<group>"; };
		CB8C00181F7D9F80009BCA6E /* ViewController.swift */ = {isa = PBXFileReference; lastKnownFileType = sourcecode.swift; path = ViewController.swift; sourceTree = "<group>"; };
		CB8C001B1F7D9F80009BCA6E /* Base */ = {isa = PBXFileReference; lastKnownFileType = file.storyboard; name = Base; path = Base.lproj/Main.storyboard; sourceTree = "<group>"; };
		CB8C001E1F7D9F80009BCA6E /* VKNews.xcdatamodel */ = {isa = PBXFileReference; lastKnownFileType = wrapper.xcdatamodel; path = VKNews.xcdatamodel; sourceTree = "<group>"; };
		CB8C00201F7D9F80009BCA6E /* Assets.xcassets */ = {isa = PBXFileReference; lastKnownFileType = folder.assetcatalog; path = Assets.xcassets; sourceTree = "<group>"; };
		CB8C00231F7D9F80009BCA6E /* Base */ = {isa = PBXFileReference; lastKnownFileType = file.storyboard; name = Base; path = Base.lproj/LaunchScreen.storyboard; sourceTree = "<group>"; };
		CB8C00251F7D9F80009BCA6E /* Info.plist */ = {isa = PBXFileReference; lastKnownFileType = text.plist.xml; path = Info.plist; sourceTree = "<group>"; };
		CBA711E91F7EF4A900E251E9 /* VKSdkFramework.framework */ = {isa = PBXFileReference; lastKnownFileType = wrapper.framework; name = VKSdkFramework.framework; path = Carthage/Build/iOS/VKSdkFramework.framework; sourceTree = "<group>"; };
		CBA711EF1F7F104C00E251E9 /* NewsTableViewController.swift */ = {isa = PBXFileReference; lastKnownFileType = sourcecode.swift; path = NewsTableViewController.swift; sourceTree = "<group>"; };
/* End PBXFileReference section */

/* Begin PBXFrameworksBuildPhase section */
		CB8C00101F7D9F80009BCA6E /* Frameworks */ = {
			isa = PBXFrameworksBuildPhase;
			buildActionMask = 2147483647;
			files = (
				CBA711EA1F7EF4A900E251E9 /* VKSdkFramework.framework in Frameworks */,
				CB6699931F80650100489C6A /* SwiftyJSON.framework in Frameworks */,
				CB8416D31F8EBC7500A47A08 /* Kingfisher.framework in Frameworks */,
			);
			runOnlyForDeploymentPostprocessing = 0;
		};
/* End PBXFrameworksBuildPhase section */

/* Begin PBXGroup section */
		CB22439E1F86D5BA00B68C06 /* Utils */ = {
			isa = PBXGroup;
			children = (
				CB22439F1F86D64000B68C06 /* WordEndPicker.swift */,
				CB2243A11F86D69400B68C06 /* DeclinedWord.swift */,
				CB2243A31F86D86300B68C06 /* ElapsedTimeCounter.swift */,
				CB51CDBF1F89390E0070D0F3 /* ImageRounder.swift */,
			);
			path = Utils;
			sourceTree = "<group>";
		};
		CB8C000A1F7D9F80009BCA6E = {
			isa = PBXGroup;
			children = (
				CB8C00151F7D9F80009BCA6E /* VKNews */,
				CB8C00141F7D9F80009BCA6E /* Products */,
				CBA711E81F7EF4A800E251E9 /* Frameworks */,
			);
			sourceTree = "<group>";
		};
		CB8C00141F7D9F80009BCA6E /* Products */ = {
			isa = PBXGroup;
			children = (
				CB8C00131F7D9F80009BCA6E /* VKNews.app */,
			);
			name = Products;
			sourceTree = "<group>";
		};
		CB8C00151F7D9F80009BCA6E /* VKNews */ = {
			isa = PBXGroup;
			children = (
				CB22439E1F86D5BA00B68C06 /* Utils */,
				CBA711EE1F7F0FCE00E251E9 /* Controller */,
				CBA711ED1F7F0FC700E251E9 /* View */,
				CBA711EC1F7F0FBA00E251E9 /* Model */,
				CB8C00161F7D9F80009BCA6E /* AppDelegate.swift */,
				CB8C001A1F7D9F80009BCA6E /* Main.storyboard */,
				CB8C00201F7D9F80009BCA6E /* Assets.xcassets */,
				CB8C00221F7D9F80009BCA6E /* LaunchScreen.storyboard */,
				CB8C00251F7D9F80009BCA6E /* Info.plist */,
				CB8C001D1F7D9F80009BCA6E /* VKNews.xcdatamodeld */,
			);
			path = VKNews;
			sourceTree = "<group>";
		};
		CBA711E81F7EF4A800E251E9 /* Frameworks */ = {
			isa = PBXGroup;
			children = (
				CB8416D21F8EBC7400A47A08 /* Kingfisher.framework */,
				CB6699921F80650100489C6A /* SwiftyJSON.framework */,
				CBA711E91F7EF4A900E251E9 /* VKSdkFramework.framework */,
			);
			name = Frameworks;
			sourceTree = "<group>";
		};
		CBA711EC1F7F0FBA00E251E9 /* Model */ = {
			isa = PBXGroup;
			children = (
				CB66998A1F805A7300489C6A /* News.swift */,
				CB66998C1F805E4B00489C6A /* Profile.swift */,
				CB66998E1F8061F800489C6A /* Group.swift */,
				CB5354461F86507F00F6ACD1 /* Source.swift */,
			);
			path = Model;
			sourceTree = "<group>";
		};
		CBA711ED1F7F0FC700E251E9 /* View */ = {
			isa = PBXGroup;
			children = (
				CB51CDBB1F89357E0070D0F3 /* ImageCollectionViewCell.swift */,
				CB8416D41F8EC36D00A47A08 /* NewsTableViewCell.xib */,
				CB8416D61F8ED59E00A47A08 /* NewsTableViewCell.swift */,
			);
			path = View;
			sourceTree = "<group>";
		};
		CBA711EE1F7F0FCE00E251E9 /* Controller */ = {
			isa = PBXGroup;
			children = (
				CB8C00181F7D9F80009BCA6E /* ViewController.swift */,
				CBA711EF1F7F104C00E251E9 /* NewsTableViewController.swift */,
				CB51CDB71F892D280070D0F3 /* AboutNewsViewController.swift */,
			);
			path = Controller;
			sourceTree = "<group>";
		};
/* End PBXGroup section */

/* Begin PBXNativeTarget section */
		CB8C00121F7D9F80009BCA6E /* VKNews */ = {
			isa = PBXNativeTarget;
			buildConfigurationList = CB8C00281F7D9F80009BCA6E /* Build configuration list for PBXNativeTarget "VKNews" */;
			buildPhases = (
				CB8C000F1F7D9F80009BCA6E /* Sources */,
				CB8C00101F7D9F80009BCA6E /* Frameworks */,
				CB8C00111F7D9F80009BCA6E /* Resources */,
				CBA711EB1F7EF4E600E251E9 /* ShellScript */,
				CB1842A91F82ED9A00DDE50F /* Embed Frameworks */,
			);
			buildRules = (
			);
			dependencies = (
			);
			name = VKNews;
			productName = VKNews;
			productReference = CB8C00131F7D9F80009BCA6E /* VKNews.app */;
			productType = "com.apple.product-type.application";
		};
/* End PBXNativeTarget section */

/* Begin PBXProject section */
		CB8C000B1F7D9F80009BCA6E /* Project object */ = {
			isa = PBXProject;
			attributes = {
				LastSwiftUpdateCheck = 0900;
				LastUpgradeCheck = 0900;
				ORGANIZATIONNAME = "iOS Lab ITIS";
				TargetAttributes = {
					CB8C00121F7D9F80009BCA6E = {
						CreatedOnToolsVersion = 9.0;
						ProvisioningStyle = Automatic;
					};
				};
			};
			buildConfigurationList = CB8C000E1F7D9F80009BCA6E /* Build configuration list for PBXProject "VKNews" */;
			compatibilityVersion = "Xcode 8.0";
			developmentRegion = en;
			hasScannedForEncodings = 0;
			knownRegions = (
				en,
				Base,
			);
			mainGroup = CB8C000A1F7D9F80009BCA6E;
			productRefGroup = CB8C00141F7D9F80009BCA6E /* Products */;
			projectDirPath = "";
			projectRoot = "";
			targets = (
				CB8C00121F7D9F80009BCA6E /* VKNews */,
			);
		};
/* End PBXProject section */

/* Begin PBXResourcesBuildPhase section */
		CB8C00111F7D9F80009BCA6E /* Resources */ = {
			isa = PBXResourcesBuildPhase;
			buildActionMask = 2147483647;
			files = (
				CB8C00241F7D9F80009BCA6E /* LaunchScreen.storyboard in Resources */,
				CB8C00211F7D9F80009BCA6E /* Assets.xcassets in Resources */,
				CB8C001C1F7D9F80009BCA6E /* Main.storyboard in Resources */,
				CB8416D51F8EC36D00A47A08 /* NewsTableViewCell.xib in Resources */,
			);
			runOnlyForDeploymentPostprocessing = 0;
		};
/* End PBXResourcesBuildPhase section */

/* Begin PBXShellScriptBuildPhase section */
		CBA711EB1F7EF4E600E251E9 /* ShellScript */ = {
			isa = PBXShellScriptBuildPhase;
			buildActionMask = 2147483647;
			files = (
			);
			inputPaths = (
				"$(SRCROOT)/Carthage/Build/iOS/VKSdkFramework.framework",
				"$(SRCROOT)/Carthage/Build/iOS/SwiftyJSON.framework",
				"$(SRCROOT)/Carthage/Build/iOS/Kingfisher.framework",
			);
			outputPaths = (
			);
			runOnlyForDeploymentPostprocessing = 0;
			shellPath = /bin/sh;
			shellScript = "/usr/local/bin/carthage copy-frameworks";
		};
/* End PBXShellScriptBuildPhase section */

/* Begin PBXSourcesBuildPhase section */
		CB8C000F1F7D9F80009BCA6E /* Sources */ = {
			isa = PBXSourcesBuildPhase;
			buildActionMask = 2147483647;
			files = (
				CBA711F01F7F104C00E251E9 /* NewsTableViewController.swift in Sources */,
				CB8C00191F7D9F80009BCA6E /* ViewController.swift in Sources */,
				CB66998F1F8061F800489C6A /* Group.swift in Sources */,
				CB66998B1F805A7300489C6A /* News.swift in Sources */,
				CB2243A21F86D69400B68C06 /* DeclinedWord.swift in Sources */,
				CB8416D71F8ED59F00A47A08 /* NewsTableViewCell.swift in Sources */,
				CB51CDBD1F89357E0070D0F3 /* ImageCollectionViewCell.swift in Sources */,
				CB66998D1F805E4B00489C6A /* Profile.swift in Sources */,
				CB2243A41F86D86300B68C06 /* ElapsedTimeCounter.swift in Sources */,
				CB8C001F1F7D9F80009BCA6E /* VKNews.xcdatamodeld in Sources */,
				CB2243A01F86D64000B68C06 /* WordEndPicker.swift in Sources */,
				CB5354471F86507F00F6ACD1 /* Source.swift in Sources */,
				CB8C00171F7D9F80009BCA6E /* AppDelegate.swift in Sources */,
				CB51CDB81F892D280070D0F3 /* AboutNewsViewController.swift in Sources */,
				CB51CDC01F89390E0070D0F3 /* ImageRounder.swift in Sources */,
			);
			runOnlyForDeploymentPostprocessing = 0;
		};
/* End PBXSourcesBuildPhase section */

/* Begin PBXVariantGroup section */
		CB8C001A1F7D9F80009BCA6E /* Main.storyboard */ = {
			isa = PBXVariantGroup;
			children = (
				CB8C001B1F7D9F80009BCA6E /* Base */,
			);
			name = Main.storyboard;
			sourceTree = "<group>";
		};
		CB8C00221F7D9F80009BCA6E /* LaunchScreen.storyboard */ = {
			isa = PBXVariantGroup;
			children = (
				CB8C00231F7D9F80009BCA6E /* Base */,
			);
			name = LaunchScreen.storyboard;
			sourceTree = "<group>";
		};
/* End PBXVariantGroup section */

/* Begin XCBuildConfiguration section */
		CB8C00261F7D9F80009BCA6E /* Debug */ = {
			isa = XCBuildConfiguration;
			buildSettings = {
				ALWAYS_SEARCH_USER_PATHS = NO;
				CLANG_ANALYZER_NONNULL = YES;
				CLANG_ANALYZER_NUMBER_OBJECT_CONVERSION = YES_AGGRESSIVE;
				CLANG_CXX_LANGUAGE_STANDARD = "gnu++14";
				CLANG_CXX_LIBRARY = "libc++";
				CLANG_ENABLE_MODULES = YES;
				CLANG_ENABLE_OBJC_ARC = YES;
				CLANG_WARN_BLOCK_CAPTURE_AUTORELEASING = YES;
				CLANG_WARN_BOOL_CONVERSION = YES;
				CLANG_WARN_COMMA = YES;
				CLANG_WARN_CONSTANT_CONVERSION = YES;
				CLANG_WARN_DIRECT_OBJC_ISA_USAGE = YES_ERROR;
				CLANG_WARN_DOCUMENTATION_COMMENTS = YES;
				CLANG_WARN_EMPTY_BODY = YES;
				CLANG_WARN_ENUM_CONVERSION = YES;
				CLANG_WARN_INFINITE_RECURSION = YES;
				CLANG_WARN_INT_CONVERSION = YES;
				CLANG_WARN_NON_LITERAL_NULL_CONVERSION = YES;
				CLANG_WARN_OBJC_LITERAL_CONVERSION = YES;
				CLANG_WARN_OBJC_ROOT_CLASS = YES_ERROR;
				CLANG_WARN_RANGE_LOOP_ANALYSIS = YES;
				CLANG_WARN_STRICT_PROTOTYPES = YES;
				CLANG_WARN_SUSPICIOUS_MOVE = YES;
				CLANG_WARN_UNGUARDED_AVAILABILITY = YES_AGGRESSIVE;
				CLANG_WARN_UNREACHABLE_CODE = YES;
				CLANG_WARN__DUPLICATE_METHOD_MATCH = YES;
				CODE_SIGN_IDENTITY = "iPhone Developer";
				COPY_PHASE_STRIP = NO;
				DEBUG_INFORMATION_FORMAT = dwarf;
				ENABLE_STRICT_OBJC_MSGSEND = YES;
				ENABLE_TESTABILITY = YES;
				GCC_C_LANGUAGE_STANDARD = gnu11;
				GCC_DYNAMIC_NO_PIC = NO;
				GCC_NO_COMMON_BLOCKS = YES;
				GCC_OPTIMIZATION_LEVEL = 0;
				GCC_PREPROCESSOR_DEFINITIONS = (
					"DEBUG=1",
					"$(inherited)",
				);
				GCC_WARN_64_TO_32_BIT_CONVERSION = YES;
				GCC_WARN_ABOUT_RETURN_TYPE = YES_ERROR;
				GCC_WARN_UNDECLARED_SELECTOR = YES;
				GCC_WARN_UNINITIALIZED_AUTOS = YES_AGGRESSIVE;
				GCC_WARN_UNUSED_FUNCTION = YES;
				GCC_WARN_UNUSED_VARIABLE = YES;
				IPHONEOS_DEPLOYMENT_TARGET = 11.0;
				MTL_ENABLE_DEBUG_INFO = YES;
				ONLY_ACTIVE_ARCH = YES;
				SDKROOT = iphoneos;
				SWIFT_ACTIVE_COMPILATION_CONDITIONS = DEBUG;
				SWIFT_OPTIMIZATION_LEVEL = "-Onone";
			};
			name = Debug;
		};
		CB8C00271F7D9F80009BCA6E /* Release */ = {
			isa = XCBuildConfiguration;
			buildSettings = {
				ALWAYS_SEARCH_USER_PATHS = NO;
				CLANG_ANALYZER_NONNULL = YES;
				CLANG_ANALYZER_NUMBER_OBJECT_CONVERSION = YES_AGGRESSIVE;
				CLANG_CXX_LANGUAGE_STANDARD = "gnu++14";
				CLANG_CXX_LIBRARY = "libc++";
				CLANG_ENABLE_MODULES = YES;
				CLANG_ENABLE_OBJC_ARC = YES;
				CLANG_WARN_BLOCK_CAPTURE_AUTORELEASING = YES;
				CLANG_WARN_BOOL_CONVERSION = YES;
				CLANG_WARN_COMMA = YES;
				CLANG_WARN_CONSTANT_CONVERSION = YES;
				CLANG_WARN_DIRECT_OBJC_ISA_USAGE = YES_ERROR;
				CLANG_WARN_DOCUMENTATION_COMMENTS = YES;
				CLANG_WARN_EMPTY_BODY = YES;
				CLANG_WARN_ENUM_CONVERSION = YES;
				CLANG_WARN_INFINITE_RECURSION = YES;
				CLANG_WARN_INT_CONVERSION = YES;
				CLANG_WARN_NON_LITERAL_NULL_CONVERSION = YES;
				CLANG_WARN_OBJC_LITERAL_CONVERSION = YES;
				CLANG_WARN_OBJC_ROOT_CLASS = YES_ERROR;
				CLANG_WARN_RANGE_LOOP_ANALYSIS = YES;
				CLANG_WARN_STRICT_PROTOTYPES = YES;
				CLANG_WARN_SUSPICIOUS_MOVE = YES;
				CLANG_WARN_UNGUARDED_AVAILABILITY = YES_AGGRESSIVE;
				CLANG_WARN_UNREACHABLE_CODE = YES;
				CLANG_WARN__DUPLICATE_METHOD_MATCH = YES;
				CODE_SIGN_IDENTITY = "iPhone Developer";
				COPY_PHASE_STRIP = NO;
				DEBUG_INFORMATION_FORMAT = "dwarf-with-dsym";
				ENABLE_NS_ASSERTIONS = NO;
				ENABLE_STRICT_OBJC_MSGSEND = YES;
				GCC_C_LANGUAGE_STANDARD = gnu11;
				GCC_NO_COMMON_BLOCKS = YES;
				GCC_WARN_64_TO_32_BIT_CONVERSION = YES;
				GCC_WARN_ABOUT_RETURN_TYPE = YES_ERROR;
				GCC_WARN_UNDECLARED_SELECTOR = YES;
				GCC_WARN_UNINITIALIZED_AUTOS = YES_AGGRESSIVE;
				GCC_WARN_UNUSED_FUNCTION = YES;
				GCC_WARN_UNUSED_VARIABLE = YES;
				IPHONEOS_DEPLOYMENT_TARGET = 11.0;
				MTL_ENABLE_DEBUG_INFO = NO;
				SDKROOT = iphoneos;
				SWIFT_OPTIMIZATION_LEVEL = "-Owholemodule";
				VALIDATE_PRODUCT = YES;
			};
			name = Release;
		};
		CB8C00291F7D9F80009BCA6E /* Debug */ = {
			isa = XCBuildConfiguration;
			buildSettings = {
				ASSETCATALOG_COMPILER_APPICON_NAME = AppIcon;
				CODE_SIGN_STYLE = Automatic;
				DEVELOPMENT_TEAM = W56K4E4L5F;
				FRAMEWORK_SEARCH_PATHS = (
					"$(inherited)",
					"$(PROJECT_DIR)/Carthage/Build/iOS",
					"$(PROJECT_DIR)/VKNews",
				);
				INFOPLIST_FILE = VKNews/Info.plist;
				LD_RUNPATH_SEARCH_PATHS = "$(inherited) @executable_path/Frameworks";
				PRODUCT_BUNDLE_IDENTIFIER = ru.timbaev.VKNews;
				PRODUCT_NAME = "$(TARGET_NAME)";
				SWIFT_VERSION = 4.0;
				TARGETED_DEVICE_FAMILY = "1,2";
			};
			name = Debug;
		};
		CB8C002A1F7D9F80009BCA6E /* Release */ = {
			isa = XCBuildConfiguration;
			buildSettings = {
				ASSETCATALOG_COMPILER_APPICON_NAME = AppIcon;
				CODE_SIGN_STYLE = Automatic;
				DEVELOPMENT_TEAM = W56K4E4L5F;
				FRAMEWORK_SEARCH_PATHS = (
					"$(inherited)",
					"$(PROJECT_DIR)/Carthage/Build/iOS",
					"$(PROJECT_DIR)/VKNews",
				);
				INFOPLIST_FILE = VKNews/Info.plist;
				LD_RUNPATH_SEARCH_PATHS = "$(inherited) @executable_path/Frameworks";
				PRODUCT_BUNDLE_IDENTIFIER = ru.timbaev.VKNews;
				PRODUCT_NAME = "$(TARGET_NAME)";
				SWIFT_VERSION = 4.0;
				TARGETED_DEVICE_FAMILY = "1,2";
			};
			name = Release;
		};
/* End XCBuildConfiguration section */

/* Begin XCConfigurationList section */
		CB8C000E1F7D9F80009BCA6E /* Build configuration list for PBXProject "VKNews" */ = {
			isa = XCConfigurationList;
			buildConfigurations = (
				CB8C00261F7D9F80009BCA6E /* Debug */,
				CB8C00271F7D9F80009BCA6E /* Release */,
			);
			defaultConfigurationIsVisible = 0;
			defaultConfigurationName = Release;
		};
		CB8C00281F7D9F80009BCA6E /* Build configuration list for PBXNativeTarget "VKNews" */ = {
			isa = XCConfigurationList;
			buildConfigurations = (
				CB8C00291F7D9F80009BCA6E /* Debug */,
				CB8C002A1F7D9F80009BCA6E /* Release */,
			);
			defaultConfigurationIsVisible = 0;
			defaultConfigurationName = Release;
		};
/* End XCConfigurationList section */

/* Begin XCVersionGroup section */
		CB8C001D1F7D9F80009BCA6E /* VKNews.xcdatamodeld */ = {
			isa = XCVersionGroup;
			children = (
				CB8C001E1F7D9F80009BCA6E /* VKNews.xcdatamodel */,
			);
			currentVersion = CB8C001E1F7D9F80009BCA6E /* VKNews.xcdatamodel */;
			path = VKNews.xcdatamodeld;
			sourceTree = "<group>";
			versionGroupType = wrapper.xcdatamodel;
		};
/* End XCVersionGroup section */
	};
	rootObject = CB8C000B1F7D9F80009BCA6E /* Project object */;
}
